
Microsoft Visual Studio Solution File, Format Version 12.00
# Visual Studio Version 16
VisualStudioVersion = 16.0.30225.117
MinimumVisualStudioVersion = 10.0.40219.1
Project("{FAE04EC0-301F-11D3-BF4B-00C04F79EFBC}") = "Feels", "Feels\Feels.csproj", "{651DC4F7-0120-491F-A4B1-BD5E8BF14923}"
EndProject
Global
	GlobalSection(SolutionConfigurationPlatforms) = preSolution
		Debug|Any CPU = Debug|Any CPU
		Release|Any CPU = Release|Any CPU
	EndGlobalSection
	GlobalSection(ProjectConfigurationPlatforms) = postSolution
		{651DC4F7-0120-491F-A4B1-BD5E8BF14923}.Debug|Any CPU.ActiveCfg = Debug|Any CPU
		{651DC4F7-0120-491F-A4B1-BD5E8BF14923}.Debug|Any CPU.Build.0 = Debug|Any CPU
		{651DC4F7-0120-491F-A4B1-BD5E8BF14923}.Release|Any CPU.ActiveCfg = Release|Any CPU
		{651DC4F7-0120-491F-A4B1-BD5E8BF14923}.Release|Any CPU.Build.0 = Release|Any CPU
	EndGlobalSection
	GlobalSection(SolutionProperties) = preSolution
		HideSolutionNode = FALSE
	EndGlobalSection
	GlobalSection(ExtensibilityGlobals) = postSolution
		SolutionGuid = {B32D0DD8-F9DB-4C0C-B86A-7C7174A81468}
	EndGlobalSection
EndGlobal
